
Microsoft Visual Studio Solution File, Format Version 12.00
# Visual Studio Version 17
VisualStudioVersion = 17.2.32630.192
MinimumVisualStudioVersion = 10.0.40219.1
Project("{8BC9CEB8-8B4A-11D0-8D11-00A0C91BC942}") = "tabel tembak basic", "tabel tembak basic\tabel tembak basic.vcxproj", "{8A52E690-F3FE-4EF5-8908-FE93E09315F1}"
EndProject
Global
	GlobalSection(SolutionConfigurationPlatforms) = preSolution
		Debug|x64 = Debug|x64
		Debug|x86 = Debug|x86
		Release|x64 = Release|x64
		Release|x86 = Release|x86
	EndGlobalSection
	GlobalSection(ProjectConfigurationPlatforms) = postSolution
		{8A52E690-F3FE-4EF5-8908-FE93E09315F1}.Debug|x64.ActiveCfg = Debug|x64
		{8A52E690-F3FE-4EF5-8908-FE93E09315F1}.Debug|x64.Build.0 = Debug|x64
		{8A52E690-F3FE-4EF5-8908-FE93E09315F1}.Debug|x86.ActiveCfg = Debug|Win32
		{8A52E690-F3FE-4EF5-8908-FE93E09315F1}.Debug|x86.Build.0 = Debug|Win32
		{8A52E690-F3FE-4EF5-8908-FE93E09315F1}.Release|x64.ActiveCfg = Release|x64
		{8A52E690-F3FE-4EF5-8908-FE93E09315F1}.Release|x64.Build.0 = Release|x64
		{8A52E690-F3FE-4EF5-8908-FE93E09315F1}.Release|x86.ActiveCfg = Release|Win32
		{8A52E690-F3FE-4EF5-8908-FE93E09315F1}.Release|x86.Build.0 = Release|Win32
	EndGlobalSection
	GlobalSection(SolutionProperties) = preSolution
		HideSolutionNode = FALSE
	EndGlobalSection
	GlobalSection(ExtensibilityGlobals) = postSolution
		SolutionGuid = {A7B0DE8E-46E2-4B6B-9BEF-5D1E0A8FBFAA}
	EndGlobalSection
EndGlobal
