
Microsoft Visual Studio Solution File, Format Version 12.00
# Visual Studio Version 17
VisualStudioVersion = 17.2.32630.192
MinimumVisualStudioVersion = 10.0.40219.1
Project("{FAE04EC0-301F-11D3-BF4B-00C04F79EFBC}") = "Test", "Test\Test.csproj", "{8AAC0564-E086-4D3D-BF1C-A273A6ABDBA5}"
EndProject
Global
	GlobalSection(SolutionConfigurationPlatforms) = preSolution
		Debug|Any CPU = Debug|Any CPU
		Release|Any CPU = Release|Any CPU
	EndGlobalSection
	GlobalSection(ProjectConfigurationPlatforms) = postSolution
		{8AAC0564-E086-4D3D-BF1C-A273A6ABDBA5}.Debug|Any CPU.ActiveCfg = Debug|Any CPU
		{8AAC0564-E086-4D3D-BF1C-A273A6ABDBA5}.Debug|Any CPU.Build.0 = Debug|Any CPU
		{8AAC0564-E086-4D3D-BF1C-A273A6ABDBA5}.Release|Any CPU.ActiveCfg = Release|Any CPU
		{8AAC0564-E086-4D3D-BF1C-A273A6ABDBA5}.Release|Any CPU.Build.0 = Release|Any CPU
	EndGlobalSection
	GlobalSection(SolutionProperties) = preSolution
		HideSolutionNode = FALSE
	EndGlobalSection
	GlobalSection(ExtensibilityGlobals) = postSolution
		SolutionGuid = {B18D6877-D6A9-4932-A284-AB809875AC93}
	EndGlobalSection
EndGlobal
