
Microsoft Visual Studio Solution File, Format Version 12.00
# Visual Studio Version 16
VisualStudioVersion = 16.0.32630.194
MinimumVisualStudioVersion = 10.0.40219.1
Project("{FAE04EC0-301F-11D3-BF4B-00C04F79EFBC}") = "Gmap", "Gmap.csproj", "{279B4537-BD83-41D1-BCCF-29778F9B1B24}"
EndProject
Global
	GlobalSection(SolutionConfigurationPlatforms) = preSolution
		Debug|Any CPU = Debug|Any CPU
		Release|Any CPU = Release|Any CPU
	EndGlobalSection
	GlobalSection(ProjectConfigurationPlatforms) = postSolution
		{279B4537-BD83-41D1-BCCF-29778F9B1B24}.Debug|Any CPU.ActiveCfg = Debug|Any CPU
		{279B4537-BD83-41D1-BCCF-29778F9B1B24}.Debug|Any CPU.Build.0 = Debug|Any CPU
		{279B4537-BD83-41D1-BCCF-29778F9B1B24}.Release|Any CPU.ActiveCfg = Release|Any CPU
		{279B4537-BD83-41D1-BCCF-29778F9B1B24}.Release|Any CPU.Build.0 = Release|Any CPU
	EndGlobalSection
	GlobalSection(SolutionProperties) = preSolution
		HideSolutionNode = FALSE
	EndGlobalSection
	GlobalSection(ExtensibilityGlobals) = postSolution
		SolutionGuid = {C8964D97-1C0F-4A9E-BACC-6EEFC6AE3EC7}
	EndGlobalSection
EndGlobal
